// !$*UTF8*$!
{
	archiveVersion = 1;
	classes = {
	};
	objectVersion = 50;
	objects = {

/* Begin PBXBuildFile section */
		3218EC5F26020EDA006CC7DD /* AppDelegate.swift in Sources */ = {isa = PBXBuildFile; fileRef = 3218EC5E26020EDA006CC7DD /* AppDelegate.swift */; };
		3218EC6126020EDA006CC7DD /* SceneDelegate.swift in Sources */ = {isa = PBXBuildFile; fileRef = 3218EC6026020EDA006CC7DD /* SceneDelegate.swift */; };
		3218EC6326020EDA006CC7DD /* ViewController.swift in Sources */ = {isa = PBXBuildFile; fileRef = 3218EC6226020EDA006CC7DD /* ViewController.swift */; };
		3218EC6626020EDA006CC7DD /* Main.storyboard in Resources */ = {isa = PBXBuildFile; fileRef = 3218EC6426020EDA006CC7DD /* Main.storyboard */; };
		3218EC6826020EDF006CC7DD /* Assets.xcassets in Resources */ = {isa = PBXBuildFile; fileRef = 3218EC6726020EDF006CC7DD /* Assets.xcassets */; };
		3218EC6B26020EDF006CC7DD /* LaunchScreen.storyboard in Resources */ = {isa = PBXBuildFile; fileRef = 3218EC6926020EDF006CC7DD /* LaunchScreen.storyboard */; };
		3218EC7626020EDF006CC7DD /* FriendlyTests.swift in Sources */ = {isa = PBXBuildFile; fileRef = 3218EC7526020EDF006CC7DD /* FriendlyTests.swift */; };
		3218EC8126020EDF006CC7DD /* FriendlyUITests.swift in Sources */ = {isa = PBXBuildFile; fileRef = 3218EC8026020EDF006CC7DD /* FriendlyUITests.swift */; };
/* End PBXBuildFile section */

/* Begin PBXContainerItemProxy section */
		3218EC7226020EDF006CC7DD /* PBXContainerItemProxy */ = {
			isa = PBXContainerItemProxy;
			containerPortal = 3218EC5326020EDA006CC7DD /* Project object */;
			proxyType = 1;
			remoteGlobalIDString = 3218EC5A26020EDA006CC7DD;
			remoteInfo = Friendly;
		};
		3218EC7D26020EDF006CC7DD /* PBXContainerItemProxy */ = {
			isa = PBXContainerItemProxy;
			containerPortal = 3218EC5326020EDA006CC7DD /* Project object */;
			proxyType = 1;
			remoteGlobalIDString = 3218EC5A26020EDA006CC7DD;
			remoteInfo = Friendly;
		};
/* End PBXContainerItemProxy section */

/* Begin PBXFileReference section */
		3218EC5E26020EDA006CC7DD /* AppDelegate.swift */ = {isa = PBXFileReference; lastKnownFileType = sourcecode.swift; path = AppDelegate.swift; sourceTree = "<group>"; };
		3218EC6026020EDA006CC7DD /* SceneDelegate.swift */ = {isa = PBXFileReference; lastKnownFileType = sourcecode.swift; path = SceneDelegate.swift; sourceTree = "<group>"; };
		3218EC6226020EDA006CC7DD /* ViewController.swift */ = {isa = PBXFileReference; lastKnownFileType = sourcecode.swift; path = ViewController.swift; sourceTree = "<group>"; };
		3218EC6526020EDA006CC7DD /* Base */ = {isa = PBXFileReference; lastKnownFileType = file.storyboard; name = Base; path = Base.lproj/Main.storyboard; sourceTree = "<group>"; };
		3218EC6726020EDF006CC7DD /* Assets.xcassets */ = {isa = PBXFileReference; lastKnownFileType = folder.assetcatalog; path = Assets.xcassets; sourceTree = "<group>"; };
		3218EC6A26020EDF006CC7DD /* Base */ = {isa = PBXFileReference; lastKnownFileType = file.storyboard; name = Base; path = Base.lproj/LaunchScreen.storyboard; sourceTree = "<group>"; };
		3218EC6C26020EDF006CC7DD /* Info.plist */ = {isa = PBXFileReference; lastKnownFileType = text.plist.xml; path = Info.plist; sourceTree = "<group>"; };
		3218EC7526020EDF006CC7DD /* FriendlyTests.swift */ = {isa = PBXFileReference; lastKnownFileType = sourcecode.swift; path = FriendlyTests.swift; sourceTree = "<group>"; };
		3218EC7726020EDF006CC7DD /* Info.plist */ = {isa = PBXFileReference; lastKnownFileType = text.plist.xml; path = Info.plist; sourceTree = "<group>"; };
		3218EC8026020EDF006CC7DD /* FriendlyUITests.swift */ = {isa = PBXFileReference; lastKnownFileType = sourcecode.swift; path = FriendlyUITests.swift; sourceTree = "<group>"; };
		3218EC8226020EDF006CC7DD /* Info.plist */ = {isa = PBXFileReference; lastKnownFileType = text.plist.xml; path = Info.plist; sourceTree = "<group>"; };
		325E56E9260C8A5F006297AE /* Friendly.app */ = {isa = PBXFileReference; explicitFileType = wrapper.application; includeInIndex = 0; name = Friendly.app; path = "/Users/hanc/Documents/GitHub/Friendly/build/Debug-iphoneos/Friendly.app"; sourceTree = "<absolute>"; };
		325E56EA260C8A5F006297AE /* FriendlyTests.xctest */ = {isa = PBXFileReference; explicitFileType = wrapper.cfbundle; includeInIndex = 0; name = FriendlyTests.xctest; path = "/Users/hanc/Documents/GitHub/Friendly/build/Debug-iphoneos/FriendlyTests.xctest"; sourceTree = "<absolute>"; };
		325E56EB260C8A5F006297AE /* FriendlyUITests.xctest */ = {isa = PBXFileReference; explicitFileType = wrapper.cfbundle; includeInIndex = 0; name = FriendlyUITests.xctest; path = "/Users/hanc/Documents/GitHub/Friendly/build/Debug-iphoneos/FriendlyUITests.xctest"; sourceTree = "<absolute>"; };
/* End PBXFileReference section */

/* Begin PBXFrameworksBuildPhase section */
		3218EC5826020EDA006CC7DD /* Frameworks */ = {
			isa = PBXFrameworksBuildPhase;
			buildActionMask = 2147483647;
			files = (
			);
			runOnlyForDeploymentPostprocessing = 0;
		};
		3218EC6E26020EDF006CC7DD /* Frameworks */ = {
			isa = PBXFrameworksBuildPhase;
			buildActionMask = 2147483647;
			files = (
			);
			runOnlyForDeploymentPostprocessing = 0;
		};
		3218EC7926020EDF006CC7DD /* Frameworks */ = {
			isa = PBXFrameworksBuildPhase;
			buildActionMask = 2147483647;
			files = (
			);
			runOnlyForDeploymentPostprocessing = 0;
		};
/* End PBXFrameworksBuildPhase section */

/* Begin PBXGroup section */
		3218EC5226020EDA006CC7DD = {
			isa = PBXGroup;
			children = (
				3218EC5D26020EDA006CC7DD /* Friendly */,
				3218EC7426020EDF006CC7DD /* FriendlyTests */,
				3218EC7F26020EDF006CC7DD /* FriendlyUITests */,
			);
			sourceTree = "<group>";
		};
		3218EC5D26020EDA006CC7DD /* Friendly */ = {
			isa = PBXGroup;
			children = (
				3218EC5E26020EDA006CC7DD /* AppDelegate.swift */,
				3218EC6026020EDA006CC7DD /* SceneDelegate.swift */,
				3218EC6226020EDA006CC7DD /* ViewController.swift */,
				3218EC6426020EDA006CC7DD /* Main.storyboard */,
				3218EC6726020EDF006CC7DD /* Assets.xcassets */,
				3218EC6926020EDF006CC7DD /* LaunchScreen.storyboard */,
				3218EC6C26020EDF006CC7DD /* Info.plist */,
			);
			path = Friendly;
			sourceTree = "<group>";
		};
		3218EC7426020EDF006CC7DD /* FriendlyTests */ = {
			isa = PBXGroup;
			children = (
				3218EC7526020EDF006CC7DD /* FriendlyTests.swift */,
				3218EC7726020EDF006CC7DD /* Info.plist */,
			);
			path = FriendlyTests;
			sourceTree = "<group>";
		};
		3218EC7F26020EDF006CC7DD /* FriendlyUITests */ = {
			isa = PBXGroup;
			children = (
				3218EC8026020EDF006CC7DD /* FriendlyUITests.swift */,
				3218EC8226020EDF006CC7DD /* Info.plist */,
			);
			path = FriendlyUITests;
			sourceTree = "<group>";
		};
/* End PBXGroup section */

/* Begin PBXNativeTarget section */
		3218EC5A26020EDA006CC7DD /* Friendly */ = {
			isa = PBXNativeTarget;
			buildConfigurationList = 3218EC8526020EDF006CC7DD /* Build configuration list for PBXNativeTarget "Friendly" */;
			buildPhases = (
				3218EC5726020EDA006CC7DD /* Sources */,
				3218EC5826020EDA006CC7DD /* Frameworks */,
				3218EC5926020EDA006CC7DD /* Resources */,
			);
			buildRules = (
			);
			dependencies = (
			);
			name = Friendly;
			productName = Friendly;
			productReference = 325E56E9260C8A5F006297AE /* Friendly.app */;
			productType = "com.apple.product-type.application";
		};
		3218EC7026020EDF006CC7DD /* FriendlyTests */ = {
			isa = PBXNativeTarget;
			buildConfigurationList = 3218EC8826020EDF006CC7DD /* Build configuration list for PBXNativeTarget "FriendlyTests" */;
			buildPhases = (
				3218EC6D26020EDF006CC7DD /* Sources */,
				3218EC6E26020EDF006CC7DD /* Frameworks */,
				3218EC6F26020EDF006CC7DD /* Resources */,
			);
			buildRules = (
			);
			dependencies = (
				3218EC7326020EDF006CC7DD /* PBXTargetDependency */,
			);
			name = FriendlyTests;
			productName = FriendlyTests;
			productReference = 325E56EA260C8A5F006297AE /* FriendlyTests.xctest */;
			productType = "com.apple.product-type.bundle.unit-test";
		};
		3218EC7B26020EDF006CC7DD /* FriendlyUITests */ = {
			isa = PBXNativeTarget;
			buildConfigurationList = 3218EC8B26020EDF006CC7DD /* Build configuration list for PBXNativeTarget "FriendlyUITests" */;
			buildPhases = (
				3218EC7826020EDF006CC7DD /* Sources */,
				3218EC7926020EDF006CC7DD /* Frameworks */,
				3218EC7A26020EDF006CC7DD /* Resources */,
			);
			buildRules = (
			);
			dependencies = (
				3218EC7E26020EDF006CC7DD /* PBXTargetDependency */,
			);
			name = FriendlyUITests;
			productName = FriendlyUITests;
			productReference = 325E56EB260C8A5F006297AE /* FriendlyUITests.xctest */;
			productType = "com.apple.product-type.bundle.ui-testing";
		};
/* End PBXNativeTarget section */

/* Begin PBXProject section */
		3218EC5326020EDA006CC7DD /* Project object */ = {
			isa = PBXProject;
			attributes = {
				LastSwiftUpdateCheck = 1240;
				LastUpgradeCheck = 1240;
				TargetAttributes = {
					3218EC5A26020EDA006CC7DD = {
						CreatedOnToolsVersion = 12.4;
					};
					3218EC7026020EDF006CC7DD = {
						CreatedOnToolsVersion = 12.4;
						TestTargetID = 3218EC5A26020EDA006CC7DD;
					};
					3218EC7B26020EDF006CC7DD = {
						CreatedOnToolsVersion = 12.4;
						TestTargetID = 3218EC5A26020EDA006CC7DD;
					};
				};
			};
			buildConfigurationList = 3218EC5626020EDA006CC7DD /* Build configuration list for PBXProject "Friendly" */;
			compatibilityVersion = "Xcode 9.3";
			developmentRegion = en;
			hasScannedForEncodings = 0;
			knownRegions = (
				en,
				Base,
			);
			mainGroup = 3218EC5226020EDA006CC7DD;
			productRefGroup = 3218EC5226020EDA006CC7DD;
			projectDirPath = "";
			projectRoot = "";
			targets = (
				3218EC5A26020EDA006CC7DD /* Friendly */,
				3218EC7026020EDF006CC7DD /* FriendlyTests */,
				3218EC7B26020EDF006CC7DD /* FriendlyUITests */,
			);
		};
/* End PBXProject section */

/* Begin PBXResourcesBuildPhase section */
		3218EC5926020EDA006CC7DD /* Resources */ = {
			isa = PBXResourcesBuildPhase;
			buildActionMask = 2147483647;
			files = (
				3218EC6B26020EDF006CC7DD /* LaunchScreen.storyboard in Resources */,
				3218EC6826020EDF006CC7DD /* Assets.xcassets in Resources */,
				3218EC6626020EDA006CC7DD /* Main.storyboard in Resources */,
			);
			runOnlyForDeploymentPostprocessing = 0;
		};
		3218EC6F26020EDF006CC7DD /* Resources */ = {
			isa = PBXResourcesBuildPhase;
			buildActionMask = 2147483647;
			files = (
			);
			runOnlyForDeploymentPostprocessing = 0;
		};
		3218EC7A26020EDF006CC7DD /* Resources */ = {
			isa = PBXResourcesBuildPhase;
			buildActionMask = 2147483647;
			files = (
			);
			runOnlyForDeploymentPostprocessing = 0;
		};
/* End PBXResourcesBuildPhase section */

/* Begin PBXSourcesBuildPhase section */
		3218EC5726020EDA006CC7DD /* Sources */ = {
			isa = PBXSourcesBuildPhase;
			buildActionMask = 2147483647;
			files = (
				3218EC6326020EDA006CC7DD /* ViewController.swift in Sources */,
				3218EC5F26020EDA006CC7DD /* AppDelegate.swift in Sources */,
				3218EC6126020EDA006CC7DD /* SceneDelegate.swift in Sources */,
			);
			runOnlyForDeploymentPostprocessing = 0;
		};
		3218EC6D26020EDF006CC7DD /* Sources */ = {
			isa = PBXSourcesBuildPhase;
			buildActionMask = 2147483647;
			files = (
				3218EC7626020EDF006CC7DD /* FriendlyTests.swift in Sources */,
			);
			runOnlyForDeploymentPostprocessing = 0;
		};
		3218EC7826020EDF006CC7DD /* Sources */ = {
			isa = PBXSourcesBuildPhase;
			buildActionMask = 2147483647;
			files = (
				3218EC8126020EDF006CC7DD /* FriendlyUITests.swift in Sources */,
			);
			runOnlyForDeploymentPostprocessing = 0;
		};
/* End PBXSourcesBuildPhase section */

/* Begin PBXTargetDependency section */
		3218EC7326020EDF006CC7DD /* PBXTargetDependency */ = {
			isa = PBXTargetDependency;
			target = 3218EC5A26020EDA006CC7DD /* Friendly */;
			targetProxy = 3218EC7226020EDF006CC7DD /* PBXContainerItemProxy */;
		};
		3218EC7E26020EDF006CC7DD /* PBXTargetDependency */ = {
			isa = PBXTargetDependency;
			target = 3218EC5A26020EDA006CC7DD /* Friendly */;
			targetProxy = 3218EC7D26020EDF006CC7DD /* PBXContainerItemProxy */;
		};
/* End PBXTargetDependency section */

/* Begin PBXVariantGroup section */
		3218EC6426020EDA006CC7DD /* Main.storyboard */ = {
			isa = PBXVariantGroup;
			children = (
				3218EC6526020EDA006CC7DD /* Base */,
			);
			name = Main.storyboard;
			sourceTree = "<group>";
		};
		3218EC6926020EDF006CC7DD /* LaunchScreen.storyboard */ = {
			isa = PBXVariantGroup;
			children = (
				3218EC6A26020EDF006CC7DD /* Base */,
			);
			name = LaunchScreen.storyboard;
			sourceTree = "<group>";
		};
/* End PBXVariantGroup section */

/* Begin XCBuildConfiguration section */
		3218EC8326020EDF006CC7DD /* Debug */ = {
			isa = XCBuildConfiguration;
			buildSettings = {
				ALWAYS_SEARCH_USER_PATHS = NO;
				CLANG_ANALYZER_NONNULL = YES;
				CLANG_ANALYZER_NUMBER_OBJECT_CONVERSION = YES_AGGRESSIVE;
				CLANG_CXX_LANGUAGE_STANDARD = "gnu++14";
				CLANG_CXX_LIBRARY = "libc++";
				CLANG_ENABLE_MODULES = YES;
				CLANG_ENABLE_OBJC_ARC = YES;
				CLANG_ENABLE_OBJC_WEAK = YES;
				CLANG_WARN_BLOCK_CAPTURE_AUTORELEASING = YES;
				CLANG_WARN_BOOL_CONVERSION = YES;
				CLANG_WARN_COMMA = YES;
				CLANG_WARN_CONSTANT_CONVERSION = YES;
				CLANG_WARN_DEPRECATED_OBJC_IMPLEMENTATIONS = YES;
				CLANG_WARN_DIRECT_OBJC_ISA_USAGE = YES_ERROR;
				CLANG_WARN_DOCUMENTATION_COMMENTS = YES;
				CLANG_WARN_EMPTY_BODY = YES;
				CLANG_WARN_ENUM_CONVERSION = YES;
				CLANG_WARN_INFINITE_RECURSION = YES;
				CLANG_WARN_INT_CONVERSION = YES;
				CLANG_WARN_NON_LITERAL_NULL_CONVERSION = YES;
				CLANG_WARN_OBJC_IMPLICIT_RETAIN_SELF = YES;
				CLANG_WARN_OBJC_LITERAL_CONVERSION = YES;
				CLANG_WARN_OBJC_ROOT_CLASS = YES_ERROR;
				CLANG_WARN_QUOTED_INCLUDE_IN_FRAMEWORK_HEADER = YES;
				CLANG_WARN_RANGE_LOOP_ANALYSIS = YES;
				CLANG_WARN_STRICT_PROTOTYPES = YES;
				CLANG_WARN_SUSPICIOUS_MOVE = YES;
				CLANG_WARN_UNGUARDED_AVAILABILITY = YES_AGGRESSIVE;
				CLANG_WARN_UNREACHABLE_CODE = YES;
				CLANG_WARN__DUPLICATE_METHOD_MATCH = YES;
				COPY_PHASE_STRIP = NO;
				DEBUG_INFORMATION_FORMAT = dwarf;
				ENABLE_STRICT_OBJC_MSGSEND = YES;
				ENABLE_TESTABILITY = YES;
				GCC_C_LANGUAGE_STANDARD = gnu11;
				GCC_DYNAMIC_NO_PIC = NO;
				GCC_NO_COMMON_BLOCKS = YES;
				GCC_OPTIMIZATION_LEVEL = 0;
				GCC_PREPROCESSOR_DEFINITIONS = (
					"DEBUG=1",
					"$(inherited)",
				);
				GCC_WARN_64_TO_32_BIT_CONVERSION = YES;
				GCC_WARN_ABOUT_RETURN_TYPE = YES_ERROR;
				GCC_WARN_UNDECLARED_SELECTOR = YES;
				GCC_WARN_UNINITIALIZED_AUTOS = YES_AGGRESSIVE;
				GCC_WARN_UNUSED_FUNCTION = YES;
				GCC_WARN_UNUSED_VARIABLE = YES;
				IPHONEOS_DEPLOYMENT_TARGET = 14.4;
				MTL_ENABLE_DEBUG_INFO = INCLUDE_SOURCE;
				MTL_FAST_MATH = YES;
				ONLY_ACTIVE_ARCH = YES;
				SDKROOT = iphoneos;
				SWIFT_ACTIVE_COMPILATION_CONDITIONS = DEBUG;
				SWIFT_OPTIMIZATION_LEVEL = "-Onone";
			};
			name = Debug;
		};
		3218EC8426020EDF006CC7DD /* Release */ = {
			isa = XCBuildConfiguration;
			buildSettings = {
				ALWAYS_SEARCH_USER_PATHS = NO;
				CLANG_ANALYZER_NONNULL = YES;
				CLANG_ANALYZER_NUMBER_OBJECT_CONVERSION = YES_AGGRESSIVE;
				CLANG_CXX_LANGUAGE_STANDARD = "gnu++14";
				CLANG_CXX_LIBRARY = "libc++";
				CLANG_ENABLE_MODULES = YES;
				CLANG_ENABLE_OBJC_ARC = YES;
				CLANG_ENABLE_OBJC_WEAK = YES;
				CLANG_WARN_BLOCK_CAPTURE_AUTORELEASING = YES;
				CLANG_WARN_BOOL_CONVERSION = YES;
				CLANG_WARN_COMMA = YES;
				CLANG_WARN_CONSTANT_CONVERSION = YES;
				CLANG_WARN_DEPRECATED_OBJC_IMPLEMENTATIONS = YES;
				CLANG_WARN_DIRECT_OBJC_ISA_USAGE = YES_ERROR;
				CLANG_WARN_DOCUMENTATION_COMMENTS = YES;
				CLANG_WARN_EMPTY_BODY = YES;
				CLANG_WARN_ENUM_CONVERSION = YES;
				CLANG_WARN_INFINITE_RECURSION = YES;
				CLANG_WARN_INT_CONVERSION = YES;
				CLANG_WARN_NON_LITERAL_NULL_CONVERSION = YES;
				CLANG_WARN_OBJC_IMPLICIT_RETAIN_SELF = YES;
				CLANG_WARN_OBJC_LITERAL_CONVERSION = YES;
				CLANG_WARN_OBJC_ROOT_CLASS = YES_ERROR;
				CLANG_WARN_QUOTED_INCLUDE_IN_FRAMEWORK_HEADER = YES;
				CLANG_WARN_RANGE_LOOP_ANALYSIS = YES;
				CLANG_WARN_STRICT_PROTOTYPES = YES;
				CLANG_WARN_SUSPICIOUS_MOVE = YES;
				CLANG_WARN_UNGUARDED_AVAILABILITY = YES_AGGRESSIVE;
				CLANG_WARN_UNREACHABLE_CODE = YES;
				CLANG_WARN__DUPLICATE_METHOD_MATCH = YES;
				COPY_PHASE_STRIP = NO;
				DEBUG_INFORMATION_FORMAT = "dwarf-with-dsym";
				ENABLE_NS_ASSERTIONS = NO;
				ENABLE_STRICT_OBJC_MSGSEND = YES;
				GCC_C_LANGUAGE_STANDARD = gnu11;
				GCC_NO_COMMON_BLOCKS = YES;
				GCC_WARN_64_TO_32_BIT_CONVERSION = YES;
				GCC_WARN_ABOUT_RETURN_TYPE = YES_ERROR;
				GCC_WARN_UNDECLARED_SELECTOR = YES;
				GCC_WARN_UNINITIALIZED_AUTOS = YES_AGGRESSIVE;
				GCC_WARN_UNUSED_FUNCTION = YES;
				GCC_WARN_UNUSED_VARIABLE = YES;
				IPHONEOS_DEPLOYMENT_TARGET = 14.4;
				MTL_ENABLE_DEBUG_INFO = NO;
				MTL_FAST_MATH = YES;
				SDKROOT = iphoneos;
				SWIFT_COMPILATION_MODE = wholemodule;
				SWIFT_OPTIMIZATION_LEVEL = "-O";
				VALIDATE_PRODUCT = YES;
			};
			name = Release;
		};
		3218EC8626020EDF006CC7DD /* Debug */ = {
			isa = XCBuildConfiguration;
			buildSettings = {
				ASSETCATALOG_COMPILER_APPICON_NAME = AppIcon;
				ASSETCATALOG_COMPILER_GLOBAL_ACCENT_COLOR_NAME = AccentColor;
				CODE_SIGN_STYLE = Automatic;
				DEVELOPMENT_TEAM = 24DDLUR535;
				INFOPLIST_FILE = Friendly/Info.plist;
				LD_RUNPATH_SEARCH_PATHS = (
					"$(inherited)",
					"@executable_path/Frameworks",
				);
				PRODUCT_BUNDLE_IDENTIFIER = eConnectivity.Friendly;
				PRODUCT_NAME = "$(TARGET_NAME)";
				SWIFT_VERSION = 5.0;
				TARGETED_DEVICE_FAMILY = "1,2";
			};
			name = Debug;
		};
		3218EC8726020EDF006CC7DD /* Release */ = {
			isa = XCBuildConfiguration;
			buildSettings = {
				ASSETCATALOG_COMPILER_APPICON_NAME = AppIcon;
				ASSETCATALOG_COMPILER_GLOBAL_ACCENT_COLOR_NAME = AccentColor;
				CODE_SIGN_STYLE = Automatic;
				DEVELOPMENT_TEAM = 24DDLUR535;
				INFOPLIST_FILE = Friendly/Info.plist;
				LD_RUNPATH_SEARCH_PATHS = (
					"$(inherited)",
					"@executable_path/Frameworks",
				);
				PRODUCT_BUNDLE_IDENTIFIER = eConnectivity.Friendly;
				PRODUCT_NAME = "$(TARGET_NAME)";
				SWIFT_VERSION = 5.0;
				TARGETED_DEVICE_FAMILY = "1,2";
			};
			name = Release;
		};
		3218EC8926020EDF006CC7DD /* Debug */ = {
			isa = XCBuildConfiguration;
			buildSettings = {
				ALWAYS_EMBED_SWIFT_STANDARD_LIBRARIES = YES;
				BUNDLE_LOADER = "$(TEST_HOST)";
				CODE_SIGN_STYLE = Automatic;
				DEVELOPMENT_TEAM = 24DDLUR535;
				INFOPLIST_FILE = FriendlyTests/Info.plist;
				IPHONEOS_DEPLOYMENT_TARGET = 14.4;
				LD_RUNPATH_SEARCH_PATHS = (
					"$(inherited)",
					"@executable_path/Frameworks",
					"@loader_path/Frameworks",
				);
				PRODUCT_BUNDLE_IDENTIFIER = eConnectivity.FriendlyTests;
				PRODUCT_NAME = "$(TARGET_NAME)";
				SWIFT_VERSION = 5.0;
				TARGETED_DEVICE_FAMILY = "1,2";
				TEST_HOST = "$(BUILT_PRODUCTS_DIR)/Friendly.app/Friendly";
			};
			name = Debug;
		};
		3218EC8A26020EDF006CC7DD /* Release */ = {
			isa = XCBuildConfiguration;
			buildSettings = {
				ALWAYS_EMBED_SWIFT_STANDARD_LIBRARIES = YES;
				BUNDLE_LOADER = "$(TEST_HOST)";
				CODE_SIGN_STYLE = Automatic;
				DEVELOPMENT_TEAM = 24DDLUR535;
				INFOPLIST_FILE = FriendlyTests/Info.plist;
				IPHONEOS_DEPLOYMENT_TARGET = 14.4;
				LD_RUNPATH_SEARCH_PATHS = (
					"$(inherited)",
					"@executable_path/Frameworks",
					"@loader_path/Frameworks",
				);
				PRODUCT_BUNDLE_IDENTIFIER = eConnectivity.FriendlyTests;
				PRODUCT_NAME = "$(TARGET_NAME)";
				SWIFT_VERSION = 5.0;
				TARGETED_DEVICE_FAMILY = "1,2";
				TEST_HOST = "$(BUILT_PRODUCTS_DIR)/Friendly.app/Friendly";
			};
			name = Release;
		};
		3218EC8C26020EDF006CC7DD /* Debug */ = {
			isa = XCBuildConfiguration;
			buildSettings = {
				ALWAYS_EMBED_SWIFT_STANDARD_LIBRARIES = YES;
				CODE_SIGN_STYLE = Automatic;
				DEVELOPMENT_TEAM = 24DDLUR535;
				INFOPLIST_FILE = FriendlyUITests/Info.plist;
				LD_RUNPATH_SEARCH_PATHS = (
					"$(inherited)",
					"@executable_path/Frameworks",
					"@loader_path/Frameworks",
				);
				PRODUCT_BUNDLE_IDENTIFIER = eConnectivity.FriendlyUITests;
				PRODUCT_NAME = "$(TARGET_NAME)";
				SWIFT_VERSION = 5.0;
				TARGETED_DEVICE_FAMILY = "1,2";
				TEST_TARGET_NAME = Friendly;
			};
			name = Debug;
		};
		3218EC8D26020EDF006CC7DD /* Release */ = {
			isa = XCBuildConfiguration;
			buildSettings = {
				ALWAYS_EMBED_SWIFT_STANDARD_LIBRARIES = YES;
				CODE_SIGN_STYLE = Automatic;
				DEVELOPMENT_TEAM = 24DDLUR535;
				INFOPLIST_FILE = FriendlyUITests/Info.plist;
				LD_RUNPATH_SEARCH_PATHS = (
					"$(inherited)",
					"@executable_path/Frameworks",
					"@loader_path/Frameworks",
				);
				PRODUCT_BUNDLE_IDENTIFIER = eConnectivity.FriendlyUITests;
				PRODUCT_NAME = "$(TARGET_NAME)";
				SWIFT_VERSION = 5.0;
				TARGETED_DEVICE_FAMILY = "1,2";
				TEST_TARGET_NAME = Friendly;
			};
			name = Release;
		};
/* End XCBuildConfiguration section */

/* Begin XCConfigurationList section */
		3218EC5626020EDA006CC7DD /* Build configuration list for PBXProject "Friendly" */ = {
			isa = XCConfigurationList;
			buildConfigurations = (
				3218EC8326020EDF006CC7DD /* Debug */,
				3218EC8426020EDF006CC7DD /* Release */,
			);
			defaultConfigurationIsVisible = 0;
			defaultConfigurationName = Release;
		};
		3218EC8526020EDF006CC7DD /* Build configuration list for PBXNativeTarget "Friendly" */ = {
			isa = XCConfigurationList;
			buildConfigurations = (
				3218EC8626020EDF006CC7DD /* Debug */,
				3218EC8726020EDF006CC7DD /* Release */,
			);
			defaultConfigurationIsVisible = 0;
			defaultConfigurationName = Release;
		};
		3218EC8826020EDF006CC7DD /* Build configuration list for PBXNativeTarget "FriendlyTests" */ = {
			isa = XCConfigurationList;
			buildConfigurations = (
				3218EC8926020EDF006CC7DD /* Debug */,
				3218EC8A26020EDF006CC7DD /* Release */,
			);
			defaultConfigurationIsVisible = 0;
			defaultConfigurationName = Release;
		};
		3218EC8B26020EDF006CC7DD /* Build configuration list for PBXNativeTarget "FriendlyUITests" */ = {
			isa = XCConfigurationList;
			buildConfigurations = (
				3218EC8C26020EDF006CC7DD /* Debug */,
				3218EC8D26020EDF006CC7DD /* Release */,
			);
			defaultConfigurationIsVisible = 0;
			defaultConfigurationName = Release;
		};
/* End XCConfigurationList section */
	};
	rootObject = 3218EC5326020EDA006CC7DD /* Project object */;
}
